// !$*UTF8*$!
{
	archiveVersion = 1;
	classes = {
	};
	objectVersion = 51;
	objects = {

/* Begin PBXBuildFile section */
		551052CA24BC5BD600D71130 /* UIView + Extension.swift in Sources */ = {isa = PBXBuildFile; fileRef = 551052C924BC5BD600D71130 /* UIView + Extension.swift */; };
		551A105A24F64FE2004DEFA9 /* FiltersViewController.swift in Sources */ = {isa = PBXBuildFile; fileRef = 551A105924F64FE2004DEFA9 /* FiltersViewController.swift */; };
		551A105D24F6564B004DEFA9 /* FiltersBehaviorService.swift in Sources */ = {isa = PBXBuildFile; fileRef = 551A105C24F6564B004DEFA9 /* FiltersBehaviorService.swift */; };
		551A105F24F656D9004DEFA9 /* ServiceType.swift in Sources */ = {isa = PBXBuildFile; fileRef = 551A105E24F656D9004DEFA9 /* ServiceType.swift */; };
		551A106124F65A69004DEFA9 /* FiltersUIBuilder.swift in Sources */ = {isa = PBXBuildFile; fileRef = 551A106024F65A69004DEFA9 /* FiltersUIBuilder.swift */; };
		551A106324F6667B004DEFA9 /* FiltersViewModel.swift in Sources */ = {isa = PBXBuildFile; fileRef = 551A106224F6667B004DEFA9 /* FiltersViewModel.swift */; };
		551A106524F66997004DEFA9 /* FiltersDataSource.swift in Sources */ = {isa = PBXBuildFile; fileRef = 551A106424F66997004DEFA9 /* FiltersDataSource.swift */; };
		551CEA5524B1C8C300465B69 /* AppDelegate.swift in Sources */ = {isa = PBXBuildFile; fileRef = 551CEA5424B1C8C300465B69 /* AppDelegate.swift */; };
		551CEA5E24B1C8C400465B69 /* Assets.xcassets in Resources */ = {isa = PBXBuildFile; fileRef = 551CEA5D24B1C8C400465B69 /* Assets.xcassets */; };
		551CEA6124B1C8C400465B69 /* LaunchScreen.storyboard in Resources */ = {isa = PBXBuildFile; fileRef = 551CEA5F24B1C8C400465B69 /* LaunchScreen.storyboard */; };
		551CEA6D24B1CF8A00465B69 /* RouterManager.swift in Sources */ = {isa = PBXBuildFile; fileRef = 551CEA6A24B1CF8A00465B69 /* RouterManager.swift */; };
		551CEA6E24B1CF8A00465B69 /* Coordinator.swift in Sources */ = {isa = PBXBuildFile; fileRef = 551CEA6B24B1CF8A00465B69 /* Coordinator.swift */; };
		55236E1924B9E33200619510 /* NetworkService.swift in Sources */ = {isa = PBXBuildFile; fileRef = 55236E1824B9E33200619510 /* NetworkService.swift */; };
		55236E1C24B9E3BE00619510 /* ApiProvider.swift in Sources */ = {isa = PBXBuildFile; fileRef = 55236E1B24B9E3BE00619510 /* ApiProvider.swift */; };
		55236E1F24B9FF6900619510 /* PlaceModel.swift in Sources */ = {isa = PBXBuildFile; fileRef = 55236E1E24B9FF6900619510 /* PlaceModel.swift */; };
		55243A4B24E52EF5006B08D1 /* PlacesFilter.swift in Sources */ = {isa = PBXBuildFile; fileRef = 55243A4A24E52EF5006B08D1 /* PlacesFilter.swift */; };
		552B839E250A907900DE0B07 /* FilterCellCheckmarksModel.swift in Sources */ = {isa = PBXBuildFile; fileRef = 552B839D250A907900DE0B07 /* FilterCellCheckmarksModel.swift */; };
		553AB0DD24FB788800114EF9 /* FilterRangeSliderCell.swift in Sources */ = {isa = PBXBuildFile; fileRef = 553AB0DC24FB788800114EF9 /* FilterRangeSliderCell.swift */; };
		553AB0DF24FB7B4C00114EF9 /* FilterSubtitleCell.swift in Sources */ = {isa = PBXBuildFile; fileRef = 553AB0DE24FB7B4C00114EF9 /* FilterSubtitleCell.swift */; };
		553AB0E124FB7D5100114EF9 /* FilterParamsCell.swift in Sources */ = {isa = PBXBuildFile; fileRef = 553AB0E024FB7D5100114EF9 /* FilterParamsCell.swift */; };
		553BE0C324F7CAC400D9593B /* FiltersTableViewService.swift in Sources */ = {isa = PBXBuildFile; fileRef = 553BE0C224F7CAC400D9593B /* FiltersTableViewService.swift */; };
		553BE0C524F7CCA900D9593B /* FiltersViewsFactory.swift in Sources */ = {isa = PBXBuildFile; fileRef = 553BE0C424F7CCA900D9593B /* FiltersViewsFactory.swift */; };
		554140E324BDD6C700FF9A38 /* PlacePreviewView.xib in Resources */ = {isa = PBXBuildFile; fileRef = 554140E224BDD6C700FF9A38 /* PlacePreviewView.xib */; };
		554140E524BDDDC600FF9A38 /* PlacePreviewView.swift in Sources */ = {isa = PBXBuildFile; fileRef = 554140E424BDDDC600FF9A38 /* PlacePreviewView.swift */; };
		554140E824BDF77100FF9A38 /* PlacesListTableViewService.swift in Sources */ = {isa = PBXBuildFile; fileRef = 554140E724BDF77100FF9A38 /* PlacesListTableViewService.swift */; };
		55440AE024B74794004319D3 /* YMKPoint + TS.swift in Sources */ = {isa = PBXBuildFile; fileRef = 55440ADF24B74794004319D3 /* YMKPoint + TS.swift */; };
		554809A424BED75E008BF41E /* PlacesListTableViewServiceViewModel.swift in Sources */ = {isa = PBXBuildFile; fileRef = 554809A324BED75E008BF41E /* PlacesListTableViewServiceViewModel.swift */; };
		55523BC224FD871600D4EA85 /* FilterCellModelType.swift in Sources */ = {isa = PBXBuildFile; fileRef = 55523BC124FD871600D4EA85 /* FilterCellModelType.swift */; };
		55523BC524FD886B00D4EA85 /* FilterPriceCellModel.swift in Sources */ = {isa = PBXBuildFile; fileRef = 55523BC424FD886B00D4EA85 /* FilterPriceCellModel.swift */; };
		5562FBBC24BEE6AE0030F43D /* RxSectionModel.swift in Sources */ = {isa = PBXBuildFile; fileRef = 5562FBBB24BEE6AE0030F43D /* RxSectionModel.swift */; };
		5562FBBF24BEEA320030F43D /* PlacesListViewsFactory.swift in Sources */ = {isa = PBXBuildFile; fileRef = 5562FBBE24BEEA320030F43D /* PlacesListViewsFactory.swift */; };
		556EC73824E6A1190017D3AC /* SearchResultItemCell.swift in Sources */ = {isa = PBXBuildFile; fileRef = 556EC73724E6A1190017D3AC /* SearchResultItemCell.swift */; };
		5572CBED24E13AD800D0175C /* SearchHistoryUIBuilder.swift in Sources */ = {isa = PBXBuildFile; fileRef = 5572CBEC24E13AD800D0175C /* SearchHistoryUIBuilder.swift */; };
		5572CBF024E146F700D0175C /* TheSpaces.xcdatamodeld in Sources */ = {isa = PBXBuildFile; fileRef = 5572CBEE24E146F700D0175C /* TheSpaces.xcdatamodeld */; };
		557B1CE024B458C60050289D /* TabBarSource.swift in Sources */ = {isa = PBXBuildFile; fileRef = 557B1CDF24B458C60050289D /* TabBarSource.swift */; };
		557B1CE724B46BA30050289D /* Search.storyboard in Resources */ = {isa = PBXBuildFile; fileRef = 557B1CE624B46BA30050289D /* Search.storyboard */; };
		557B1CE924B46BB70050289D /* SearchCoordinator.swift in Sources */ = {isa = PBXBuildFile; fileRef = 557B1CE824B46BB70050289D /* SearchCoordinator.swift */; };
		557B1CEB24B46D230050289D /* MapViewController.swift in Sources */ = {isa = PBXBuildFile; fileRef = 557B1CEA24B46D230050289D /* MapViewController.swift */; };
		557B1CEE24B46E4D0050289D /* UIViewController + Extension.swift in Sources */ = {isa = PBXBuildFile; fileRef = 557B1CED24B46E4D0050289D /* UIViewController + Extension.swift */; };
		557B1CF024B46EC10050289D /* UIColor + Extension.swift in Sources */ = {isa = PBXBuildFile; fileRef = 557B1CEF24B46EC10050289D /* UIColor + Extension.swift */; };
		557BF2F624B7516100CE5F1C /* SearchPanelView.swift in Sources */ = {isa = PBXBuildFile; fileRef = 557BF2F524B7516100CE5F1C /* SearchPanelView.swift */; };
		558575E724B5A10F00FDAEAE /* Places.storyboard in Resources */ = {isa = PBXBuildFile; fileRef = 558575E624B5A10F00FDAEAE /* Places.storyboard */; };
		558575E924B5A12800FDAEAE /* PlacesCoordinator.swift in Sources */ = {isa = PBXBuildFile; fileRef = 558575E824B5A12800FDAEAE /* PlacesCoordinator.swift */; };
		558575EC24B5A15400FDAEAE /* Profile.storyboard in Resources */ = {isa = PBXBuildFile; fileRef = 558575EB24B5A15400FDAEAE /* Profile.storyboard */; };
		558575EE24B5A15E00FDAEAE /* ProfileCoordinator.swift in Sources */ = {isa = PBXBuildFile; fileRef = 558575ED24B5A15E00FDAEAE /* ProfileCoordinator.swift */; };
		558575F224B5A18300FDAEAE /* Other.storyboard in Resources */ = {isa = PBXBuildFile; fileRef = 558575F124B5A18300FDAEAE /* Other.storyboard */; };
		558575F424B5A19200FDAEAE /* OtherCoordinator.swift in Sources */ = {isa = PBXBuildFile; fileRef = 558575F324B5A19200FDAEAE /* OtherCoordinator.swift */; };
		558575F624B5A21200FDAEAE /* PlacesViewController.swift in Sources */ = {isa = PBXBuildFile; fileRef = 558575F524B5A21200FDAEAE /* PlacesViewController.swift */; };
		558575F824B5A38300FDAEAE /* ProfileViewController.swift in Sources */ = {isa = PBXBuildFile; fileRef = 558575F724B5A38300FDAEAE /* ProfileViewController.swift */; };
		558575FA24B5A3EF00FDAEAE /* OtherViewController.swift in Sources */ = {isa = PBXBuildFile; fileRef = 558575F924B5A3EF00FDAEAE /* OtherViewController.swift */; };
		55BD4F4C25055C71001C99A4 /* FilterCellSpecificationModel.swift in Sources */ = {isa = PBXBuildFile; fileRef = 55BD4F4B25055C71001C99A4 /* FilterCellSpecificationModel.swift */; };
		55C3F90C24C42A06000778F5 /* PlacePreviewViewBehaviorService.swift in Sources */ = {isa = PBXBuildFile; fileRef = 55C3F90B24C42A06000778F5 /* PlacePreviewViewBehaviorService.swift */; };
		55C3F90E24C45595000778F5 /* MapPlacePreviewService.swift in Sources */ = {isa = PBXBuildFile; fileRef = 55C3F90D24C45595000778F5 /* MapPlacePreviewService.swift */; };
		55C46B0B24D7FAC7002B8677 /* MapPresentationService.swift in Sources */ = {isa = PBXBuildFile; fileRef = 55C46B0A24D7FAC7002B8677 /* MapPresentationService.swift */; };
		55C46B0E24D836D4002B8677 /* SearchHistoryViewController.swift in Sources */ = {isa = PBXBuildFile; fileRef = 55C46B0D24D836D4002B8677 /* SearchHistoryViewController.swift */; };
		55C46B1124D83BAC002B8677 /* SearchHistoryViewModel.swift in Sources */ = {isa = PBXBuildFile; fileRef = 55C46B1024D83BAC002B8677 /* SearchHistoryViewModel.swift */; };
		55C46B1324D83BFC002B8677 /* SearchHistoryBehaviorService.swift in Sources */ = {isa = PBXBuildFile; fileRef = 55C46B1224D83BFC002B8677 /* SearchHistoryBehaviorService.swift */; };
		55C46B1524D83E6D002B8677 /* SearchHistoryViewFactory.swift in Sources */ = {isa = PBXBuildFile; fileRef = 55C46B1424D83E6D002B8677 /* SearchHistoryViewFactory.swift */; };
		55C46B1824D83EFE002B8677 /* SearchHistoryHeaderView.swift in Sources */ = {isa = PBXBuildFile; fileRef = 55C46B1724D83EFE002B8677 /* SearchHistoryHeaderView.swift */; };
		55C46B1A24D84380002B8677 /* SearchHistoryTableViewService.swift in Sources */ = {isa = PBXBuildFile; fileRef = 55C46B1924D84380002B8677 /* SearchHistoryTableViewService.swift */; };
		55C899E224B5D0C20048FF59 /* YMKCameraPosition + TS.swift in Sources */ = {isa = PBXBuildFile; fileRef = 55C899E124B5D0C20048FF59 /* YMKCameraPosition + TS.swift */; };
		55C899E524B5E92B0048FF59 /* UIFont + Extension.swift in Sources */ = {isa = PBXBuildFile; fileRef = 55C899E424B5E92B0048FF59 /* UIFont + Extension.swift */; };
		55C899EA24B610A70048FF59 /* LocationServiceViewModel.swift in Sources */ = {isa = PBXBuildFile; fileRef = 55C899E924B610A70048FF59 /* LocationServiceViewModel.swift */; };
		55C899ED24B611D70048FF59 /* LocationService.swift in Sources */ = {isa = PBXBuildFile; fileRef = 55C899EC24B611D70048FF59 /* LocationService.swift */; };
		55C899F024B614B30048FF59 /* ViewModelType.swift in Sources */ = {isa = PBXBuildFile; fileRef = 55C899EF24B614B30048FF59 /* ViewModelType.swift */; };
		55E193E124B6F3C100BF8313 /* UIBuilderType.swift in Sources */ = {isa = PBXBuildFile; fileRef = 55E193E024B6F3C100BF8313 /* UIBuilderType.swift */; };
		55E193E424B6F47600BF8313 /* MapVCUIBuilder.swift in Sources */ = {isa = PBXBuildFile; fileRef = 55E193E324B6F47600BF8313 /* MapVCUIBuilder.swift */; };
		55E193E724B6F7A700BF8313 /* MapServiceType.swift in Sources */ = {isa = PBXBuildFile; fileRef = 55E193E624B6F7A700BF8313 /* MapServiceType.swift */; };
		55E193E924B6F82500BF8313 /* YaMapService.swift in Sources */ = {isa = PBXBuildFile; fileRef = 55E193E824B6F82500BF8313 /* YaMapService.swift */; };
		55E193EC24B7137500BF8313 /* MapVCBehaviorService.swift in Sources */ = {isa = PBXBuildFile; fileRef = 55E193EB24B7137500BF8313 /* MapVCBehaviorService.swift */; };
		55E4AF7424E161D0007B7D68 /* ManagedObject + Rx.swift in Sources */ = {isa = PBXBuildFile; fileRef = 55E4AF7324E161D0007B7D68 /* ManagedObject + Rx.swift */; };
		55E4AF7624E16715007B7D68 /* SearchHistoryItemCell.swift in Sources */ = {isa = PBXBuildFile; fileRef = 55E4AF7524E16715007B7D68 /* SearchHistoryItemCell.swift */; };
		55E620FE24C5CACE00E4A389 /* MapServiceViewsFactory.swift in Sources */ = {isa = PBXBuildFile; fileRef = 55E620FD24C5CACE00E4A389 /* MapServiceViewsFactory.swift */; };
		55EE1BCC2509454B00A88C7A /* CheckButton.swift in Sources */ = {isa = PBXBuildFile; fileRef = 55EE1BCB2509454B00A88C7A /* CheckButton.swift */; };
		55EE1BCE2509455B00A88C7A /* CheckButton.xib in Resources */ = {isa = PBXBuildFile; fileRef = 55EE1BCD2509455B00A88C7A /* CheckButton.xib */; };
		55EF8C4924BDABD100E822E8 /* PlacesListUIBuilder.swift in Sources */ = {isa = PBXBuildFile; fileRef = 55EF8C4824BDABD100E822E8 /* PlacesListUIBuilder.swift */; };
		55EF8C4B24BDADB800E822E8 /* PlacesListViewController.swift in Sources */ = {isa = PBXBuildFile; fileRef = 55EF8C4524BDAB1F00E822E8 /* PlacesListViewController.swift */; };
		55EF8C4D24BDBC1000E822E8 /* PlacesListBehaviorService.swift in Sources */ = {isa = PBXBuildFile; fileRef = 55EF8C4C24BDBC1000E822E8 /* PlacesListBehaviorService.swift */; };
		55EF8C5024BDC14900E822E8 /* PlaceListCell.xib in Resources */ = {isa = PBXBuildFile; fileRef = 55EF8C4F24BDC14900E822E8 /* PlaceListCell.xib */; };
		55EF8C5224BDC16300E822E8 /* PlaceListCell.swift in Sources */ = {isa = PBXBuildFile; fileRef = 55EF8C5124BDC16300E822E8 /* PlaceListCell.swift */; };
		55EFB67724BB326000C26495 /* PlacesViewModel.swift in Sources */ = {isa = PBXBuildFile; fileRef = 55EFB67624BB326000C26495 /* PlacesViewModel.swift */; };
		55EFB67924BB34F100C26495 /* CityModel.swift in Sources */ = {isa = PBXBuildFile; fileRef = 55EFB67824BB34F100C26495 /* CityModel.swift */; };
		55EFB67D24BB519F00C26495 /* Reactive + ST.swift in Sources */ = {isa = PBXBuildFile; fileRef = 55EFB67C24BB519F00C26495 /* Reactive + ST.swift */; };
		55EFB67F24BB54CF00C26495 /* Errors.swift in Sources */ = {isa = PBXBuildFile; fileRef = 55EFB67E24BB54CF00C26495 /* Errors.swift */; };
		55F6B944250A5A1C0030C83B /* CheckmarkCell.swift in Sources */ = {isa = PBXBuildFile; fileRef = 55F6B943250A5A1C0030C83B /* CheckmarkCell.swift */; };
		5F039E55B55068ECCF6571F9 /* Pods_TheSpaces.framework in Frameworks */ = {isa = PBXBuildFile; fileRef = 1061CFA4843D8F4E55B6B7BD /* Pods_TheSpaces.framework */; };
/* End PBXBuildFile section */

/* Begin PBXFileReference section */
		1061CFA4843D8F4E55B6B7BD /* Pods_TheSpaces.framework */ = {isa = PBXFileReference; explicitFileType = wrapper.framework; includeInIndex = 0; path = Pods_TheSpaces.framework; sourceTree = BUILT_PRODUCTS_DIR; };
		3405A610496B9FA96D6D663A /* Pods-TheSpaces.release.xcconfig */ = {isa = PBXFileReference; includeInIndex = 1; lastKnownFileType = text.xcconfig; name = "Pods-TheSpaces.release.xcconfig"; path = "Target Support Files/Pods-TheSpaces/Pods-TheSpaces.release.xcconfig"; sourceTree = "<group>"; };
		551052C924BC5BD600D71130 /* UIView + Extension.swift */ = {isa = PBXFileReference; lastKnownFileType = sourcecode.swift; path = "UIView + Extension.swift"; sourceTree = "<group>"; };
		551A105924F64FE2004DEFA9 /* FiltersViewController.swift */ = {isa = PBXFileReference; lastKnownFileType = sourcecode.swift; path = FiltersViewController.swift; sourceTree = "<group>"; };
		551A105C24F6564B004DEFA9 /* FiltersBehaviorService.swift */ = {isa = PBXFileReference; lastKnownFileType = sourcecode.swift; path = FiltersBehaviorService.swift; sourceTree = "<group>"; };
		551A105E24F656D9004DEFA9 /* ServiceType.swift */ = {isa = PBXFileReference; lastKnownFileType = sourcecode.swift; path = ServiceType.swift; sourceTree = "<group>"; };
		551A106024F65A69004DEFA9 /* FiltersUIBuilder.swift */ = {isa = PBXFileReference; lastKnownFileType = sourcecode.swift; path = FiltersUIBuilder.swift; sourceTree = "<group>"; };
		551A106224F6667B004DEFA9 /* FiltersViewModel.swift */ = {isa = PBXFileReference; lastKnownFileType = sourcecode.swift; path = FiltersViewModel.swift; sourceTree = "<group>"; };
		551A106424F66997004DEFA9 /* FiltersDataSource.swift */ = {isa = PBXFileReference; lastKnownFileType = sourcecode.swift; path = FiltersDataSource.swift; sourceTree = "<group>"; };
		551CEA5124B1C8C300465B69 /* TheSpaces.app */ = {isa = PBXFileReference; explicitFileType = wrapper.application; includeInIndex = 0; path = TheSpaces.app; sourceTree = BUILT_PRODUCTS_DIR; };
		551CEA5424B1C8C300465B69 /* AppDelegate.swift */ = {isa = PBXFileReference; lastKnownFileType = sourcecode.swift; path = AppDelegate.swift; sourceTree = "<group>"; };
		551CEA5D24B1C8C400465B69 /* Assets.xcassets */ = {isa = PBXFileReference; lastKnownFileType = folder.assetcatalog; path = Assets.xcassets; sourceTree = "<group>"; };
		551CEA6024B1C8C400465B69 /* Base */ = {isa = PBXFileReference; lastKnownFileType = file.storyboard; name = Base; path = Base.lproj/LaunchScreen.storyboard; sourceTree = "<group>"; };
		551CEA6224B1C8C400465B69 /* Info.plist */ = {isa = PBXFileReference; lastKnownFileType = text.plist.xml; path = Info.plist; sourceTree = "<group>"; };
		551CEA6A24B1CF8A00465B69 /* RouterManager.swift */ = {isa = PBXFileReference; fileEncoding = 4; lastKnownFileType = sourcecode.swift; path = RouterManager.swift; sourceTree = "<group>"; };
		551CEA6B24B1CF8A00465B69 /* Coordinator.swift */ = {isa = PBXFileReference; fileEncoding = 4; lastKnownFileType = sourcecode.swift; path = Coordinator.swift; sourceTree = "<group>"; };
		55236E1824B9E33200619510 /* NetworkService.swift */ = {isa = PBXFileReference; lastKnownFileType = sourcecode.swift; path = NetworkService.swift; sourceTree = "<group>"; };
		55236E1B24B9E3BE00619510 /* ApiProvider.swift */ = {isa = PBXFileReference; lastKnownFileType = sourcecode.swift; path = ApiProvider.swift; sourceTree = "<group>"; };
		55236E1E24B9FF6900619510 /* PlaceModel.swift */ = {isa = PBXFileReference; lastKnownFileType = sourcecode.swift; path = PlaceModel.swift; sourceTree = "<group>"; };
		55243A4A24E52EF5006B08D1 /* PlacesFilter.swift */ = {isa = PBXFileReference; lastKnownFileType = sourcecode.swift; path = PlacesFilter.swift; sourceTree = "<group>"; };
		55272D7524C4DD7400727E30 /* ru */ = {isa = PBXFileReference; lastKnownFileType = text.plist.strings; name = ru; path = ru.lproj/LaunchScreen.strings; sourceTree = "<group>"; };
		552B839D250A907900DE0B07 /* FilterCellCheckmarksModel.swift */ = {isa = PBXFileReference; lastKnownFileType = sourcecode.swift; path = FilterCellCheckmarksModel.swift; sourceTree = "<group>"; };
		553AB0DC24FB788800114EF9 /* FilterRangeSliderCell.swift */ = {isa = PBXFileReference; lastKnownFileType = sourcecode.swift; path = FilterRangeSliderCell.swift; sourceTree = "<group>"; };
		553AB0DE24FB7B4C00114EF9 /* FilterSubtitleCell.swift */ = {isa = PBXFileReference; lastKnownFileType = sourcecode.swift; path = FilterSubtitleCell.swift; sourceTree = "<group>"; };
		553AB0E024FB7D5100114EF9 /* FilterParamsCell.swift */ = {isa = PBXFileReference; lastKnownFileType = sourcecode.swift; path = FilterParamsCell.swift; sourceTree = "<group>"; };
		553BE0C224F7CAC400D9593B /* FiltersTableViewService.swift */ = {isa = PBXFileReference; lastKnownFileType = sourcecode.swift; path = FiltersTableViewService.swift; sourceTree = "<group>"; };
		553BE0C424F7CCA900D9593B /* FiltersViewsFactory.swift */ = {isa = PBXFileReference; lastKnownFileType = sourcecode.swift; path = FiltersViewsFactory.swift; sourceTree = "<group>"; };
		554140E224BDD6C700FF9A38 /* PlacePreviewView.xib */ = {isa = PBXFileReference; lastKnownFileType = file.xib; path = PlacePreviewView.xib; sourceTree = "<group>"; };
		554140E424BDDDC600FF9A38 /* PlacePreviewView.swift */ = {isa = PBXFileReference; lastKnownFileType = sourcecode.swift; path = PlacePreviewView.swift; sourceTree = "<group>"; };
		554140E724BDF77100FF9A38 /* PlacesListTableViewService.swift */ = {isa = PBXFileReference; lastKnownFileType = sourcecode.swift; path = PlacesListTableViewService.swift; sourceTree = "<group>"; };
		55440ADF24B74794004319D3 /* YMKPoint + TS.swift */ = {isa = PBXFileReference; fileEncoding = 4; lastKnownFileType = sourcecode.swift; path = "YMKPoint + TS.swift"; sourceTree = "<group>"; };
		554809A324BED75E008BF41E /* PlacesListTableViewServiceViewModel.swift */ = {isa = PBXFileReference; lastKnownFileType = sourcecode.swift; path = PlacesListTableViewServiceViewModel.swift; sourceTree = "<group>"; };
		55523BC124FD871600D4EA85 /* FilterCellModelType.swift */ = {isa = PBXFileReference; lastKnownFileType = sourcecode.swift; path = FilterCellModelType.swift; sourceTree = "<group>"; };
		55523BC424FD886B00D4EA85 /* FilterPriceCellModel.swift */ = {isa = PBXFileReference; lastKnownFileType = sourcecode.swift; path = FilterPriceCellModel.swift; sourceTree = "<group>"; };
		5562FBBB24BEE6AE0030F43D /* RxSectionModel.swift */ = {isa = PBXFileReference; lastKnownFileType = sourcecode.swift; path = RxSectionModel.swift; sourceTree = "<group>"; };
		5562FBBE24BEEA320030F43D /* PlacesListViewsFactory.swift */ = {isa = PBXFileReference; lastKnownFileType = sourcecode.swift; path = PlacesListViewsFactory.swift; sourceTree = "<group>"; };
		556EC73724E6A1190017D3AC /* SearchResultItemCell.swift */ = {isa = PBXFileReference; lastKnownFileType = sourcecode.swift; path = SearchResultItemCell.swift; sourceTree = "<group>"; };
		5572CBEC24E13AD800D0175C /* SearchHistoryUIBuilder.swift */ = {isa = PBXFileReference; lastKnownFileType = sourcecode.swift; path = SearchHistoryUIBuilder.swift; sourceTree = "<group>"; };
		5572CBEF24E146F700D0175C /* TheSpaces.xcdatamodel */ = {isa = PBXFileReference; lastKnownFileType = wrapper.xcdatamodel; path = TheSpaces.xcdatamodel; sourceTree = "<group>"; };
		557B1CDF24B458C60050289D /* TabBarSource.swift */ = {isa = PBXFileReference; lastKnownFileType = sourcecode.swift; path = TabBarSource.swift; sourceTree = "<group>"; };
		557B1CE624B46BA30050289D /* Search.storyboard */ = {isa = PBXFileReference; lastKnownFileType = file.storyboard; path = Search.storyboard; sourceTree = "<group>"; };
		557B1CE824B46BB70050289D /* SearchCoordinator.swift */ = {isa = PBXFileReference; lastKnownFileType = sourcecode.swift; path = SearchCoordinator.swift; sourceTree = "<group>"; };
		557B1CEA24B46D230050289D /* MapViewController.swift */ = {isa = PBXFileReference; lastKnownFileType = sourcecode.swift; path = MapViewController.swift; sourceTree = "<group>"; };
		557B1CED24B46E4D0050289D /* UIViewController + Extension.swift */ = {isa = PBXFileReference; fileEncoding = 4; lastKnownFileType = sourcecode.swift; path = "UIViewController + Extension.swift"; sourceTree = "<group>"; };
		557B1CEF24B46EC10050289D /* UIColor + Extension.swift */ = {isa = PBXFileReference; lastKnownFileType = sourcecode.swift; path = "UIColor + Extension.swift"; sourceTree = "<group>"; };
		557BF2F524B7516100CE5F1C /* SearchPanelView.swift */ = {isa = PBXFileReference; lastKnownFileType = sourcecode.swift; path = SearchPanelView.swift; sourceTree = "<group>"; };
		558575E624B5A10F00FDAEAE /* Places.storyboard */ = {isa = PBXFileReference; lastKnownFileType = file.storyboard; path = Places.storyboard; sourceTree = "<group>"; };
		558575E824B5A12800FDAEAE /* PlacesCoordinator.swift */ = {isa = PBXFileReference; lastKnownFileType = sourcecode.swift; path = PlacesCoordinator.swift; sourceTree = "<group>"; };
		558575EB24B5A15400FDAEAE /* Profile.storyboard */ = {isa = PBXFileReference; lastKnownFileType = file.storyboard; path = Profile.storyboard; sourceTree = "<group>"; };
		558575ED24B5A15E00FDAEAE /* ProfileCoordinator.swift */ = {isa = PBXFileReference; lastKnownFileType = sourcecode.swift; path = ProfileCoordinator.swift; sourceTree = "<group>"; };
		558575F124B5A18300FDAEAE /* Other.storyboard */ = {isa = PBXFileReference; lastKnownFileType = file.storyboard; path = Other.storyboard; sourceTree = "<group>"; };
		558575F324B5A19200FDAEAE /* OtherCoordinator.swift */ = {isa = PBXFileReference; lastKnownFileType = sourcecode.swift; path = OtherCoordinator.swift; sourceTree = "<group>"; };
		558575F524B5A21200FDAEAE /* PlacesViewController.swift */ = {isa = PBXFileReference; lastKnownFileType = sourcecode.swift; path = PlacesViewController.swift; sourceTree = "<group>"; };
		558575F724B5A38300FDAEAE /* ProfileViewController.swift */ = {isa = PBXFileReference; lastKnownFileType = sourcecode.swift; path = ProfileViewController.swift; sourceTree = "<group>"; };
		558575F924B5A3EF00FDAEAE /* OtherViewController.swift */ = {isa = PBXFileReference; lastKnownFileType = sourcecode.swift; path = OtherViewController.swift; sourceTree = "<group>"; };
		55BD4F4B25055C71001C99A4 /* FilterCellSpecificationModel.swift */ = {isa = PBXFileReference; lastKnownFileType = sourcecode.swift; path = FilterCellSpecificationModel.swift; sourceTree = "<group>"; };
		55C3F90B24C42A06000778F5 /* PlacePreviewViewBehaviorService.swift */ = {isa = PBXFileReference; lastKnownFileType = sourcecode.swift; path = PlacePreviewViewBehaviorService.swift; sourceTree = "<group>"; };
		55C3F90D24C45595000778F5 /* MapPlacePreviewService.swift */ = {isa = PBXFileReference; lastKnownFileType = sourcecode.swift; path = MapPlacePreviewService.swift; sourceTree = "<group>"; };
		55C46B0A24D7FAC7002B8677 /* MapPresentationService.swift */ = {isa = PBXFileReference; lastKnownFileType = sourcecode.swift; path = MapPresentationService.swift; sourceTree = "<group>"; };
		55C46B0D24D836D4002B8677 /* SearchHistoryViewController.swift */ = {isa = PBXFileReference; lastKnownFileType = sourcecode.swift; path = SearchHistoryViewController.swift; sourceTree = "<group>"; };
		55C46B1024D83BAC002B8677 /* SearchHistoryViewModel.swift */ = {isa = PBXFileReference; lastKnownFileType = sourcecode.swift; path = SearchHistoryViewModel.swift; sourceTree = "<group>"; };
		55C46B1224D83BFC002B8677 /* SearchHistoryBehaviorService.swift */ = {isa = PBXFileReference; lastKnownFileType = sourcecode.swift; path = SearchHistoryBehaviorService.swift; sourceTree = "<group>"; };
		55C46B1424D83E6D002B8677 /* SearchHistoryViewFactory.swift */ = {isa = PBXFileReference; lastKnownFileType = sourcecode.swift; path = SearchHistoryViewFactory.swift; sourceTree = "<group>"; };
		55C46B1724D83EFE002B8677 /* SearchHistoryHeaderView.swift */ = {isa = PBXFileReference; lastKnownFileType = sourcecode.swift; path = SearchHistoryHeaderView.swift; sourceTree = "<group>"; };
		55C46B1924D84380002B8677 /* SearchHistoryTableViewService.swift */ = {isa = PBXFileReference; lastKnownFileType = sourcecode.swift; path = SearchHistoryTableViewService.swift; sourceTree = "<group>"; };
		55C899E124B5D0C20048FF59 /* YMKCameraPosition + TS.swift */ = {isa = PBXFileReference; lastKnownFileType = sourcecode.swift; path = "YMKCameraPosition + TS.swift"; sourceTree = "<group>"; };
		55C899E424B5E92B0048FF59 /* UIFont + Extension.swift */ = {isa = PBXFileReference; lastKnownFileType = sourcecode.swift; path = "UIFont + Extension.swift"; sourceTree = "<group>"; };
		55C899E924B610A70048FF59 /* LocationServiceViewModel.swift */ = {isa = PBXFileReference; lastKnownFileType = sourcecode.swift; path = LocationServiceViewModel.swift; sourceTree = "<group>"; };
		55C899EC24B611D70048FF59 /* LocationService.swift */ = {isa = PBXFileReference; lastKnownFileType = sourcecode.swift; path = LocationService.swift; sourceTree = "<group>"; };
		55C899EF24B614B30048FF59 /* ViewModelType.swift */ = {isa = PBXFileReference; fileEncoding = 4; lastKnownFileType = sourcecode.swift; path = ViewModelType.swift; sourceTree = "<group>"; };
		55E193E024B6F3C100BF8313 /* UIBuilderType.swift */ = {isa = PBXFileReference; lastKnownFileType = sourcecode.swift; path = UIBuilderType.swift; sourceTree = "<group>"; };
		55E193E324B6F47600BF8313 /* MapVCUIBuilder.swift */ = {isa = PBXFileReference; lastKnownFileType = sourcecode.swift; path = MapVCUIBuilder.swift; sourceTree = "<group>"; };
		55E193E624B6F7A700BF8313 /* MapServiceType.swift */ = {isa = PBXFileReference; lastKnownFileType = sourcecode.swift; path = MapServiceType.swift; sourceTree = "<group>"; };
		55E193E824B6F82500BF8313 /* YaMapService.swift */ = {isa = PBXFileReference; lastKnownFileType = sourcecode.swift; path = YaMapService.swift; sourceTree = "<group>"; };
		55E193EB24B7137500BF8313 /* MapVCBehaviorService.swift */ = {isa = PBXFileReference; lastKnownFileType = sourcecode.swift; path = MapVCBehaviorService.swift; sourceTree = "<group>"; };
		55E4AF7324E161D0007B7D68 /* ManagedObject + Rx.swift */ = {isa = PBXFileReference; lastKnownFileType = sourcecode.swift; path = "ManagedObject + Rx.swift"; sourceTree = "<group>"; };
		55E4AF7524E16715007B7D68 /* SearchHistoryItemCell.swift */ = {isa = PBXFileReference; lastKnownFileType = sourcecode.swift; path = SearchHistoryItemCell.swift; sourceTree = "<group>"; };
		55E620FD24C5CACE00E4A389 /* MapServiceViewsFactory.swift */ = {isa = PBXFileReference; lastKnownFileType = sourcecode.swift; path = MapServiceViewsFactory.swift; sourceTree = "<group>"; };
		55EE1BCB2509454B00A88C7A /* CheckButton.swift */ = {isa = PBXFileReference; lastKnownFileType = sourcecode.swift; path = CheckButton.swift; sourceTree = "<group>"; };
		55EE1BCD2509455B00A88C7A /* CheckButton.xib */ = {isa = PBXFileReference; lastKnownFileType = file.xib; path = CheckButton.xib; sourceTree = "<group>"; };
		55EF8C4524BDAB1F00E822E8 /* PlacesListViewController.swift */ = {isa = PBXFileReference; lastKnownFileType = sourcecode.swift; path = PlacesListViewController.swift; sourceTree = "<group>"; };
		55EF8C4824BDABD100E822E8 /* PlacesListUIBuilder.swift */ = {isa = PBXFileReference; lastKnownFileType = sourcecode.swift; path = PlacesListUIBuilder.swift; sourceTree = "<group>"; };
		55EF8C4C24BDBC1000E822E8 /* PlacesListBehaviorService.swift */ = {isa = PBXFileReference; lastKnownFileType = sourcecode.swift; path = PlacesListBehaviorService.swift; sourceTree = "<group>"; };
		55EF8C4F24BDC14900E822E8 /* PlaceListCell.xib */ = {isa = PBXFileReference; lastKnownFileType = file.xib; path = PlaceListCell.xib; sourceTree = "<group>"; };
		55EF8C5124BDC16300E822E8 /* PlaceListCell.swift */ = {isa = PBXFileReference; lastKnownFileType = sourcecode.swift; path = PlaceListCell.swift; sourceTree = "<group>"; };
		55EFB67624BB326000C26495 /* PlacesViewModel.swift */ = {isa = PBXFileReference; lastKnownFileType = sourcecode.swift; path = PlacesViewModel.swift; sourceTree = "<group>"; };
		55EFB67824BB34F100C26495 /* CityModel.swift */ = {isa = PBXFileReference; lastKnownFileType = sourcecode.swift; path = CityModel.swift; sourceTree = "<group>"; };
		55EFB67C24BB519F00C26495 /* Reactive + ST.swift */ = {isa = PBXFileReference; lastKnownFileType = sourcecode.swift; path = "Reactive + ST.swift"; sourceTree = "<group>"; };
		55EFB67E24BB54CF00C26495 /* Errors.swift */ = {isa = PBXFileReference; lastKnownFileType = sourcecode.swift; path = Errors.swift; sourceTree = "<group>"; };
		55F6B943250A5A1C0030C83B /* CheckmarkCell.swift */ = {isa = PBXFileReference; lastKnownFileType = sourcecode.swift; path = CheckmarkCell.swift; sourceTree = "<group>"; };
		6575D05773BC03660780F254 /* Pods-TheSpaces.debug.xcconfig */ = {isa = PBXFileReference; includeInIndex = 1; lastKnownFileType = text.xcconfig; name = "Pods-TheSpaces.debug.xcconfig"; path = "Target Support Files/Pods-TheSpaces/Pods-TheSpaces.debug.xcconfig"; sourceTree = "<group>"; };
/* End PBXFileReference section */

/* Begin PBXFrameworksBuildPhase section */
		551CEA4E24B1C8C300465B69 /* Frameworks */ = {
			isa = PBXFrameworksBuildPhase;
			buildActionMask = 2147483647;
			files = (
				5F039E55B55068ECCF6571F9 /* Pods_TheSpaces.framework in Frameworks */,
			);
			runOnlyForDeploymentPostprocessing = 0;
		};
/* End PBXFrameworksBuildPhase section */

/* Begin PBXGroup section */
		551A105824F64FC7004DEFA9 /* Filters */ = {
			isa = PBXGroup;
			children = (
				553AB0DB24FB785D00114EF9 /* Views */,
				551A105B24F64FE5004DEFA9 /* BussinesLayer */,
				551A105924F64FE2004DEFA9 /* FiltersViewController.swift */,
			);
			path = Filters;
			sourceTree = "<group>";
		};
		551A105B24F64FE5004DEFA9 /* BussinesLayer */ = {
			isa = PBXGroup;
			children = (
				55523BC324FD884800D4EA85 /* FilterCellModels */,
				551A106224F6667B004DEFA9 /* FiltersViewModel.swift */,
				553BE0C424F7CCA900D9593B /* FiltersViewsFactory.swift */,
				551A105C24F6564B004DEFA9 /* FiltersBehaviorService.swift */,
				551A106024F65A69004DEFA9 /* FiltersUIBuilder.swift */,
				553BE0C224F7CAC400D9593B /* FiltersTableViewService.swift */,
				551A106424F66997004DEFA9 /* FiltersDataSource.swift */,
			);
			path = BussinesLayer;
			sourceTree = "<group>";
		};
		551CEA4824B1C8C300465B69 = {
			isa = PBXGroup;
			children = (
				551CEA5324B1C8C300465B69 /* TheSpaces */,
				551CEA5224B1C8C300465B69 /* Products */,
				979D284B508B8A9A361B97F8 /* Pods */,
				57B7F1A42554A588AEAB0A4C /* Frameworks */,
			);
			sourceTree = "<group>";
		};
		551CEA5224B1C8C300465B69 /* Products */ = {
			isa = PBXGroup;
			children = (
				551CEA5124B1C8C300465B69 /* TheSpaces.app */,
			);
			name = Products;
			sourceTree = "<group>";
		};
		551CEA5324B1C8C300465B69 /* TheSpaces */ = {
			isa = PBXGroup;
			children = (
				557B1CE124B469D00050289D /* Application */,
				557B1CE224B46A740050289D /* Resources */,
				55236E1724B9E31E00619510 /* Network */,
				557B1CEC24B46DAA0050289D /* Extensions */,
				55C899EE24B614970048FF59 /* Components */,
				551CEA6824B1CF8A00465B69 /* Router */,
				557B1CDF24B458C60050289D /* TabBarSource.swift */,
				557B1CE324B46AC20050289D /* Search */,
				558575E524B5A09E00FDAEAE /* Places */,
				558575E424B5A09D00FDAEAE /* Profile */,
				558575E224B5A09500FDAEAE /* Other */,
			);
			path = TheSpaces;
			sourceTree = "<group>";
		};
		551CEA6824B1CF8A00465B69 /* Router */ = {
			isa = PBXGroup;
			children = (
				551CEA6A24B1CF8A00465B69 /* RouterManager.swift */,
				551CEA6B24B1CF8A00465B69 /* Coordinator.swift */,
			);
			path = Router;
			sourceTree = "<group>";
		};
		55236E1724B9E31E00619510 /* Network */ = {
			isa = PBXGroup;
			children = (
				55236E1D24B9FF5800619510 /* Models */,
				55236E1B24B9E3BE00619510 /* ApiProvider.swift */,
				55236E1824B9E33200619510 /* NetworkService.swift */,
			);
			path = Network;
			sourceTree = "<group>";
		};
		55236E1D24B9FF5800619510 /* Models */ = {
			isa = PBXGroup;
			children = (
				55236E1E24B9FF6900619510 /* PlaceModel.swift */,
				55EFB67824BB34F100C26495 /* CityModel.swift */,
				55EFB67E24BB54CF00C26495 /* Errors.swift */,
				55243A4A24E52EF5006B08D1 /* PlacesFilter.swift */,
			);
			path = Models;
			sourceTree = "<group>";
		};
		553AB0DB24FB785D00114EF9 /* Views */ = {
			isa = PBXGroup;
			children = (
				55EE1BCA2509434E00A88C7A /* CheckButton */,
				553AB0DC24FB788800114EF9 /* FilterRangeSliderCell.swift */,
				553AB0DE24FB7B4C00114EF9 /* FilterSubtitleCell.swift */,
				553AB0E024FB7D5100114EF9 /* FilterParamsCell.swift */,
				55F6B943250A5A1C0030C83B /* CheckmarkCell.swift */,
			);
			path = Views;
			sourceTree = "<group>";
		};
		554140E124BDD6AA00FF9A38 /* PlacePreviewView */ = {
			isa = PBXGroup;
			children = (
				554140E224BDD6C700FF9A38 /* PlacePreviewView.xib */,
				554140E424BDDDC600FF9A38 /* PlacePreviewView.swift */,
				55C3F90B24C42A06000778F5 /* PlacePreviewViewBehaviorService.swift */,
			);
			path = PlacePreviewView;
			sourceTree = "<group>";
		};
		554140E624BDE20C00FF9A38 /* PlaceListCell */ = {
			isa = PBXGroup;
			children = (
				55EF8C4F24BDC14900E822E8 /* PlaceListCell.xib */,
				55EF8C5124BDC16300E822E8 /* PlaceListCell.swift */,
			);
			path = PlaceListCell;
			sourceTree = "<group>";
		};
		554809A224BED6EF008BF41E /* TableViewService */ = {
			isa = PBXGroup;
			children = (
				554140E724BDF77100FF9A38 /* PlacesListTableViewService.swift */,
				554809A324BED75E008BF41E /* PlacesListTableViewServiceViewModel.swift */,
			);
			path = TableViewService;
			sourceTree = "<group>";
		};
		55523BC324FD884800D4EA85 /* FilterCellModels */ = {
			isa = PBXGroup;
			children = (
				55523BC124FD871600D4EA85 /* FilterCellModelType.swift */,
				55523BC424FD886B00D4EA85 /* FilterPriceCellModel.swift */,
				55BD4F4B25055C71001C99A4 /* FilterCellSpecificationModel.swift */,
				552B839D250A907900DE0B07 /* FilterCellCheckmarksModel.swift */,
			);
			path = FilterCellModels;
			sourceTree = "<group>";
		};
		5562FBB924BEE66A0030F43D /* Views */ = {
			isa = PBXGroup;
			children = (
				557BF2F424B7513300CE5F1C /* SearchPanelView */,
				554140E124BDD6AA00FF9A38 /* PlacePreviewView */,
			);
			path = Views;
			sourceTree = "<group>";
		};
		5562FBBA24BEE66E0030F43D /* Models */ = {
			isa = PBXGroup;
			children = (
				55C899EF24B614B30048FF59 /* ViewModelType.swift */,
				55E193E024B6F3C100BF8313 /* UIBuilderType.swift */,
				5562FBBB24BEE6AE0030F43D /* RxSectionModel.swift */,
				551A105E24F656D9004DEFA9 /* ServiceType.swift */,
			);
			path = Models;
			sourceTree = "<group>";
		};
		5562FBBD24BEEA120030F43D /* Factories */ = {
			isa = PBXGroup;
			children = (
				5562FBBE24BEEA320030F43D /* PlacesListViewsFactory.swift */,
			);
			path = Factories;
			sourceTree = "<group>";
		};
		557B1CE124B469D00050289D /* Application */ = {
			isa = PBXGroup;
			children = (
				551CEA6224B1C8C400465B69 /* Info.plist */,
				551CEA5F24B1C8C400465B69 /* LaunchScreen.storyboard */,
				551CEA5424B1C8C300465B69 /* AppDelegate.swift */,
			);
			path = Application;
			sourceTree = "<group>";
		};
		557B1CE224B46A740050289D /* Resources */ = {
			isa = PBXGroup;
			children = (
				551CEA5D24B1C8C400465B69 /* Assets.xcassets */,
				5572CBEE24E146F700D0175C /* TheSpaces.xcdatamodeld */,
			);
			path = Resources;
			sourceTree = "<group>";
		};
		557B1CE324B46AC20050289D /* Search */ = {
			isa = PBXGroup;
			children = (
				557B1CE624B46BA30050289D /* Search.storyboard */,
				557B1CE824B46BB70050289D /* SearchCoordinator.swift */,
				557B1CE424B46ADA0050289D /* Main */,
				55EF8C4424BDAAF300E822E8 /* PlacesList */,
				55C46B0C24D836A8002B8677 /* SearchHistory */,
				551A105824F64FC7004DEFA9 /* Filters */,
			);
			path = Search;
			sourceTree = "<group>";
		};
		557B1CE424B46ADA0050289D /* Main */ = {
			isa = PBXGroup;
			children = (
				55C899E824B60FC70048FF59 /* BussinesLayer */,
				557B1CEA24B46D230050289D /* MapViewController.swift */,
			);
			path = Main;
			sourceTree = "<group>";
		};
		557B1CEC24B46DAA0050289D /* Extensions */ = {
			isa = PBXGroup;
			children = (
				55C899E024B5D0A00048FF59 /* YandexMaps */,
				557B1CED24B46E4D0050289D /* UIViewController + Extension.swift */,
				551052C924BC5BD600D71130 /* UIView + Extension.swift */,
				557B1CEF24B46EC10050289D /* UIColor + Extension.swift */,
				55C899E424B5E92B0048FF59 /* UIFont + Extension.swift */,
				55EFB67C24BB519F00C26495 /* Reactive + ST.swift */,
				55E4AF7324E161D0007B7D68 /* ManagedObject + Rx.swift */,
			);
			path = Extensions;
			sourceTree = "<group>";
		};
		557BF2F424B7513300CE5F1C /* SearchPanelView */ = {
			isa = PBXGroup;
			children = (
				557BF2F524B7516100CE5F1C /* SearchPanelView.swift */,
			);
			path = SearchPanelView;
			sourceTree = "<group>";
		};
		558575E224B5A09500FDAEAE /* Other */ = {
			isa = PBXGroup;
			children = (
				558575F124B5A18300FDAEAE /* Other.storyboard */,
				558575F324B5A19200FDAEAE /* OtherCoordinator.swift */,
				558575F024B5A17300FDAEAE /* Other */,
			);
			path = Other;
			sourceTree = "<group>";
		};
		558575E424B5A09D00FDAEAE /* Profile */ = {
			isa = PBXGroup;
			children = (
				558575EB24B5A15400FDAEAE /* Profile.storyboard */,
				558575ED24B5A15E00FDAEAE /* ProfileCoordinator.swift */,
				558575EF24B5A16200FDAEAE /* Profile */,
			);
			path = Profile;
			sourceTree = "<group>";
		};
		558575E524B5A09E00FDAEAE /* Places */ = {
			isa = PBXGroup;
			children = (
				558575E624B5A10F00FDAEAE /* Places.storyboard */,
				558575E824B5A12800FDAEAE /* PlacesCoordinator.swift */,
				558575EA24B5A13000FDAEAE /* Places */,
			);
			path = Places;
			sourceTree = "<group>";
		};
		558575EA24B5A13000FDAEAE /* Places */ = {
			isa = PBXGroup;
			children = (
				55EF8C4724BDABAB00E822E8 /* BussinesLayer */,
				558575F524B5A21200FDAEAE /* PlacesViewController.swift */,
			);
			path = Places;
			sourceTree = "<group>";
		};
		558575EF24B5A16200FDAEAE /* Profile */ = {
			isa = PBXGroup;
			children = (
				558575F724B5A38300FDAEAE /* ProfileViewController.swift */,
			);
			path = Profile;
			sourceTree = "<group>";
		};
		558575F024B5A17300FDAEAE /* Other */ = {
			isa = PBXGroup;
			children = (
				558575F924B5A3EF00FDAEAE /* OtherViewController.swift */,
			);
			path = Other;
			sourceTree = "<group>";
		};
		55C46B0C24D836A8002B8677 /* SearchHistory */ = {
			isa = PBXGroup;
			children = (
				55C46B1624D83EED002B8677 /* Views */,
				55C46B0F24D83B58002B8677 /* BussinesLayer */,
				55C46B0D24D836D4002B8677 /* SearchHistoryViewController.swift */,
			);
			path = SearchHistory;
			sourceTree = "<group>";
		};
		55C46B0F24D83B58002B8677 /* BussinesLayer */ = {
			isa = PBXGroup;
			children = (
				55C46B1024D83BAC002B8677 /* SearchHistoryViewModel.swift */,
				55C46B1224D83BFC002B8677 /* SearchHistoryBehaviorService.swift */,
				55C46B1424D83E6D002B8677 /* SearchHistoryViewFactory.swift */,
				55C46B1924D84380002B8677 /* SearchHistoryTableViewService.swift */,
				5572CBEC24E13AD800D0175C /* SearchHistoryUIBuilder.swift */,
			);
			path = BussinesLayer;
			sourceTree = "<group>";
		};
		55C46B1624D83EED002B8677 /* Views */ = {
			isa = PBXGroup;
			children = (
				55C46B1724D83EFE002B8677 /* SearchHistoryHeaderView.swift */,
				556EC73724E6A1190017D3AC /* SearchResultItemCell.swift */,
				55E4AF7524E16715007B7D68 /* SearchHistoryItemCell.swift */,
			);
			path = Views;
			sourceTree = "<group>";
		};
		55C899E024B5D0A00048FF59 /* YandexMaps */ = {
			isa = PBXGroup;
			children = (
				55440ADF24B74794004319D3 /* YMKPoint + TS.swift */,
				55C899E124B5D0C20048FF59 /* YMKCameraPosition + TS.swift */,
			);
			path = YandexMaps;
			sourceTree = "<group>";
		};
		55C899E824B60FC70048FF59 /* BussinesLayer */ = {
			isa = PBXGroup;
			children = (
				55E193E524B6F73500BF8313 /* MapService */,
				55C899EB24B611CA0048FF59 /* LocationService */,
				55E193E324B6F47600BF8313 /* MapVCUIBuilder.swift */,
				55C3F90D24C45595000778F5 /* MapPlacePreviewService.swift */,
				55E193EB24B7137500BF8313 /* MapVCBehaviorService.swift */,
				55EFB67624BB326000C26495 /* PlacesViewModel.swift */,
				55C46B0A24D7FAC7002B8677 /* MapPresentationService.swift */,
			);
			path = BussinesLayer;
			sourceTree = "<group>";
		};
		55C899EB24B611CA0048FF59 /* LocationService */ = {
			isa = PBXGroup;
			children = (
				55C899EC24B611D70048FF59 /* LocationService.swift */,
				55C899E924B610A70048FF59 /* LocationServiceViewModel.swift */,
			);
			path = LocationService;
			sourceTree = "<group>";
		};
		55C899EE24B614970048FF59 /* Components */ = {
			isa = PBXGroup;
			children = (
				5562FBB924BEE66A0030F43D /* Views */,
				5562FBBA24BEE66E0030F43D /* Models */,
			);
			path = Components;
			sourceTree = "<group>";
		};
		55E193E524B6F73500BF8313 /* MapService */ = {
			isa = PBXGroup;
			children = (
				55E193E624B6F7A700BF8313 /* MapServiceType.swift */,
				55E193E824B6F82500BF8313 /* YaMapService.swift */,
				55E620FD24C5CACE00E4A389 /* MapServiceViewsFactory.swift */,
			);
			path = MapService;
			sourceTree = "<group>";
		};
		55EE1BCA2509434E00A88C7A /* CheckButton */ = {
			isa = PBXGroup;
			children = (
				55EE1BCD2509455B00A88C7A /* CheckButton.xib */,
				55EE1BCB2509454B00A88C7A /* CheckButton.swift */,
			);
			path = CheckButton;
			sourceTree = "<group>";
		};
		55EF8C4424BDAAF300E822E8 /* PlacesList */ = {
			isa = PBXGroup;
			children = (
				55EF8C4E24BDC11F00E822E8 /* Views */,
				55EF8C4A24BDAD1900E822E8 /* BussinesLayer */,
				55EF8C4524BDAB1F00E822E8 /* PlacesListViewController.swift */,
			);
			path = PlacesList;
			sourceTree = "<group>";
		};
		55EF8C4724BDABAB00E822E8 /* BussinesLayer */ = {
			isa = PBXGroup;
			children = (
			);
			path = BussinesLayer;
			sourceTree = "<group>";
		};
		55EF8C4A24BDAD1900E822E8 /* BussinesLayer */ = {
			isa = PBXGroup;
			children = (
				5562FBBD24BEEA120030F43D /* Factories */,
				554809A224BED6EF008BF41E /* TableViewService */,
				55EF8C4824BDABD100E822E8 /* PlacesListUIBuilder.swift */,
				55EF8C4C24BDBC1000E822E8 /* PlacesListBehaviorService.swift */,
			);
			path = BussinesLayer;
			sourceTree = "<group>";
		};
		55EF8C4E24BDC11F00E822E8 /* Views */ = {
			isa = PBXGroup;
			children = (
				554140E624BDE20C00FF9A38 /* PlaceListCell */,
			);
			path = Views;
			sourceTree = "<group>";
		};
		57B7F1A42554A588AEAB0A4C /* Frameworks */ = {
			isa = PBXGroup;
			children = (
				1061CFA4843D8F4E55B6B7BD /* Pods_TheSpaces.framework */,
			);
			name = Frameworks;
			sourceTree = "<group>";
		};
		979D284B508B8A9A361B97F8 /* Pods */ = {
			isa = PBXGroup;
			children = (
				6575D05773BC03660780F254 /* Pods-TheSpaces.debug.xcconfig */,
				3405A610496B9FA96D6D663A /* Pods-TheSpaces.release.xcconfig */,
			);
			path = Pods;
			sourceTree = "<group>";
		};
/* End PBXGroup section */

/* Begin PBXNativeTarget section */
		551CEA5024B1C8C300465B69 /* TheSpaces */ = {
			isa = PBXNativeTarget;
			buildConfigurationList = 551CEA6524B1C8C400465B69 /* Build configuration list for PBXNativeTarget "TheSpaces" */;
			buildPhases = (
				5F65BA0A668A290ABD4B3139 /* [CP] Check Pods Manifest.lock */,
				551CEA4D24B1C8C300465B69 /* Sources */,
				551CEA4E24B1C8C300465B69 /* Frameworks */,
				551CEA4F24B1C8C300465B69 /* Resources */,
				E4EC891788FDEC293FA264F3 /* [CP] Copy Pods Resources */,
				AC402FE4AD81FB0AF5CB2923 /* [CP] Embed Pods Frameworks */,
			);
			buildRules = (
			);
			dependencies = (
			);
			name = TheSpaces;
			productName = TheSpaces;
			productReference = 551CEA5124B1C8C300465B69 /* TheSpaces.app */;
			productType = "com.apple.product-type.application";
		};
/* End PBXNativeTarget section */

/* Begin PBXProject section */
		551CEA4924B1C8C300465B69 /* Project object */ = {
			isa = PBXProject;
			attributes = {
				LastSwiftUpdateCheck = 1150;
				LastUpgradeCheck = 1150;
				ORGANIZATIONNAME = "Денис Швыров";
				TargetAttributes = {
					551CEA5024B1C8C300465B69 = {
						CreatedOnToolsVersion = 11.5;
					};
				};
			};
			buildConfigurationList = 551CEA4C24B1C8C300465B69 /* Build configuration list for PBXProject "TheSpaces" */;
			compatibilityVersion = "Xcode 9.3";
			developmentRegion = en;
			hasScannedForEncodings = 0;
			knownRegions = (
				en,
				Base,
				ru,
			);
			mainGroup = 551CEA4824B1C8C300465B69;
			productRefGroup = 551CEA5224B1C8C300465B69 /* Products */;
			projectDirPath = "";
			projectRoot = "";
			targets = (
				551CEA5024B1C8C300465B69 /* TheSpaces */,
			);
		};
/* End PBXProject section */

/* Begin PBXResourcesBuildPhase section */
		551CEA4F24B1C8C300465B69 /* Resources */ = {
			isa = PBXResourcesBuildPhase;
			buildActionMask = 2147483647;
			files = (
				55EE1BCE2509455B00A88C7A /* CheckButton.xib in Resources */,
				558575E724B5A10F00FDAEAE /* Places.storyboard in Resources */,
				551CEA6124B1C8C400465B69 /* LaunchScreen.storyboard in Resources */,
				558575EC24B5A15400FDAEAE /* Profile.storyboard in Resources */,
				557B1CE724B46BA30050289D /* Search.storyboard in Resources */,
				551CEA5E24B1C8C400465B69 /* Assets.xcassets in Resources */,
				55EF8C5024BDC14900E822E8 /* PlaceListCell.xib in Resources */,
				558575F224B5A18300FDAEAE /* Other.storyboard in Resources */,
				554140E324BDD6C700FF9A38 /* PlacePreviewView.xib in Resources */,
			);
			runOnlyForDeploymentPostprocessing = 0;
		};
/* End PBXResourcesBuildPhase section */

/* Begin PBXShellScriptBuildPhase section */
		5F65BA0A668A290ABD4B3139 /* [CP] Check Pods Manifest.lock */ = {
			isa = PBXShellScriptBuildPhase;
			buildActionMask = 2147483647;
			files = (
			);
			inputFileListPaths = (
			);
			inputPaths = (
				"${PODS_PODFILE_DIR_PATH}/Podfile.lock",
				"${PODS_ROOT}/Manifest.lock",
			);
			name = "[CP] Check Pods Manifest.lock";
			outputFileListPaths = (
			);
			outputPaths = (
				"$(DERIVED_FILE_DIR)/Pods-TheSpaces-checkManifestLockResult.txt",
			);
			runOnlyForDeploymentPostprocessing = 0;
			shellPath = /bin/sh;
			shellScript = "diff \"${PODS_PODFILE_DIR_PATH}/Podfile.lock\" \"${PODS_ROOT}/Manifest.lock\" > /dev/null\nif [ $? != 0 ] ; then\n    # print error to STDERR\n    echo \"error: The sandbox is not in sync with the Podfile.lock. Run 'pod install' or update your CocoaPods installation.\" >&2\n    exit 1\nfi\n# This output is used by Xcode 'outputs' to avoid re-running this script phase.\necho \"SUCCESS\" > \"${SCRIPT_OUTPUT_FILE_0}\"\n";
			showEnvVarsInLog = 0;
		};
		AC402FE4AD81FB0AF5CB2923 /* [CP] Embed Pods Frameworks */ = {
			isa = PBXShellScriptBuildPhase;
			buildActionMask = 2147483647;
			files = (
			);
			inputFileListPaths = (
				"${PODS_ROOT}/Target Support Files/Pods-TheSpaces/Pods-TheSpaces-frameworks-${CONFIGURATION}-input-files.xcfilelist",
			);
			name = "[CP] Embed Pods Frameworks";
			outputFileListPaths = (
				"${PODS_ROOT}/Target Support Files/Pods-TheSpaces/Pods-TheSpaces-frameworks-${CONFIGURATION}-output-files.xcfilelist",
			);
			runOnlyForDeploymentPostprocessing = 0;
			shellPath = /bin/sh;
			shellScript = "\"${PODS_ROOT}/Target Support Files/Pods-TheSpaces/Pods-TheSpaces-frameworks.sh\"\n";
			showEnvVarsInLog = 0;
		};
		E4EC891788FDEC293FA264F3 /* [CP] Copy Pods Resources */ = {
			isa = PBXShellScriptBuildPhase;
			buildActionMask = 2147483647;
			files = (
			);
			inputFileListPaths = (
				"${PODS_ROOT}/Target Support Files/Pods-TheSpaces/Pods-TheSpaces-resources-${CONFIGURATION}-input-files.xcfilelist",
			);
			name = "[CP] Copy Pods Resources";
			outputFileListPaths = (
				"${PODS_ROOT}/Target Support Files/Pods-TheSpaces/Pods-TheSpaces-resources-${CONFIGURATION}-output-files.xcfilelist",
			);
			runOnlyForDeploymentPostprocessing = 0;
			shellPath = /bin/sh;
			shellScript = "\"${PODS_ROOT}/Target Support Files/Pods-TheSpaces/Pods-TheSpaces-resources.sh\"\n";
			showEnvVarsInLog = 0;
		};
/* End PBXShellScriptBuildPhase section */

/* Begin PBXSourcesBuildPhase section */
		551CEA4D24B1C8C300465B69 /* Sources */ = {
			isa = PBXSourcesBuildPhase;
			buildActionMask = 2147483647;
			files = (
				557B1CEB24B46D230050289D /* MapViewController.swift in Sources */,
				5572CBF024E146F700D0175C /* TheSpaces.xcdatamodeld in Sources */,
				55C899E524B5E92B0048FF59 /* UIFont + Extension.swift in Sources */,
				55C899ED24B611D70048FF59 /* LocationService.swift in Sources */,
				557B1CF024B46EC10050289D /* UIColor + Extension.swift in Sources */,
				55F6B944250A5A1C0030C83B /* CheckmarkCell.swift in Sources */,
				55EF8C4B24BDADB800E822E8 /* PlacesListViewController.swift in Sources */,
				558575F424B5A19200FDAEAE /* OtherCoordinator.swift in Sources */,
				55236E1C24B9E3BE00619510 /* ApiProvider.swift in Sources */,
				55C3F90C24C42A06000778F5 /* PlacePreviewViewBehaviorService.swift in Sources */,
				55243A4B24E52EF5006B08D1 /* PlacesFilter.swift in Sources */,
				55E620FE24C5CACE00E4A389 /* MapServiceViewsFactory.swift in Sources */,
				55EFB67724BB326000C26495 /* PlacesViewModel.swift in Sources */,
				55EFB67F24BB54CF00C26495 /* Errors.swift in Sources */,
				553AB0DF24FB7B4C00114EF9 /* FilterSubtitleCell.swift in Sources */,
				551052CA24BC5BD600D71130 /* UIView + Extension.swift in Sources */,
				55C899EA24B610A70048FF59 /* LocationServiceViewModel.swift in Sources */,
				55BD4F4C25055C71001C99A4 /* FilterCellSpecificationModel.swift in Sources */,
				5562FBBC24BEE6AE0030F43D /* RxSectionModel.swift in Sources */,
				553AB0DD24FB788800114EF9 /* FilterRangeSliderCell.swift in Sources */,
				55EF8C4D24BDBC1000E822E8 /* PlacesListBehaviorService.swift in Sources */,
				55440AE024B74794004319D3 /* YMKPoint + TS.swift in Sources */,
				55E193E124B6F3C100BF8313 /* UIBuilderType.swift in Sources */,
				55236E1F24B9FF6900619510 /* PlaceModel.swift in Sources */,
				554140E524BDDDC600FF9A38 /* PlacePreviewView.swift in Sources */,
				55523BC524FD886B00D4EA85 /* FilterPriceCellModel.swift in Sources */,
				551CEA6E24B1CF8A00465B69 /* Coordinator.swift in Sources */,
				551A106324F6667B004DEFA9 /* FiltersViewModel.swift in Sources */,
				55EFB67D24BB519F00C26495 /* Reactive + ST.swift in Sources */,
				55E193EC24B7137500BF8313 /* MapVCBehaviorService.swift in Sources */,
				558575F624B5A21200FDAEAE /* PlacesViewController.swift in Sources */,
				553BE0C524F7CCA900D9593B /* FiltersViewsFactory.swift in Sources */,
				55C46B0B24D7FAC7002B8677 /* MapPresentationService.swift in Sources */,
				55C46B1824D83EFE002B8677 /* SearchHistoryHeaderView.swift in Sources */,
				55E193E724B6F7A700BF8313 /* MapServiceType.swift in Sources */,
				55EE1BCC2509454B00A88C7A /* CheckButton.swift in Sources */,
				551A106124F65A69004DEFA9 /* FiltersUIBuilder.swift in Sources */,
				55C46B0E24D836D4002B8677 /* SearchHistoryViewController.swift in Sources */,
				557B1CE924B46BB70050289D /* SearchCoordinator.swift in Sources */,
				554140E824BDF77100FF9A38 /* PlacesListTableViewService.swift in Sources */,
				55E4AF7624E16715007B7D68 /* SearchHistoryItemCell.swift in Sources */,
				55523BC224FD871600D4EA85 /* FilterCellModelType.swift in Sources */,
				55C46B1124D83BAC002B8677 /* SearchHistoryViewModel.swift in Sources */,
				5572CBED24E13AD800D0175C /* SearchHistoryUIBuilder.swift in Sources */,
				551A105A24F64FE2004DEFA9 /* FiltersViewController.swift in Sources */,
				55236E1924B9E33200619510 /* NetworkService.swift in Sources */,
				557B1CEE24B46E4D0050289D /* UIViewController + Extension.swift in Sources */,
				551A105F24F656D9004DEFA9 /* ServiceType.swift in Sources */,
				55C899E224B5D0C20048FF59 /* YMKCameraPosition + TS.swift in Sources */,
				552B839E250A907900DE0B07 /* FilterCellCheckmarksModel.swift in Sources */,
				558575E924B5A12800FDAEAE /* PlacesCoordinator.swift in Sources */,
				55E4AF7424E161D0007B7D68 /* ManagedObject + Rx.swift in Sources */,
				551CEA6D24B1CF8A00465B69 /* RouterManager.swift in Sources */,
				55EFB67924BB34F100C26495 /* CityModel.swift in Sources */,
				55EF8C4924BDABD100E822E8 /* PlacesListUIBuilder.swift in Sources */,
				55C3F90E24C45595000778F5 /* MapPlacePreviewService.swift in Sources */,
				5562FBBF24BEEA320030F43D /* PlacesListViewsFactory.swift in Sources */,
				554809A424BED75E008BF41E /* PlacesListTableViewServiceViewModel.swift in Sources */,
				558575FA24B5A3EF00FDAEAE /* OtherViewController.swift in Sources */,
				55E193E424B6F47600BF8313 /* MapVCUIBuilder.swift in Sources */,
				551A106524F66997004DEFA9 /* FiltersDataSource.swift in Sources */,
				557BF2F624B7516100CE5F1C /* SearchPanelView.swift in Sources */,
				551CEA5524B1C8C300465B69 /* AppDelegate.swift in Sources */,
				558575F824B5A38300FDAEAE /* ProfileViewController.swift in Sources */,
				558575EE24B5A15E00FDAEAE /* ProfileCoordinator.swift in Sources */,
				553AB0E124FB7D5100114EF9 /* FilterParamsCell.swift in Sources */,
				557B1CE024B458C60050289D /* TabBarSource.swift in Sources */,
				55C46B1A24D84380002B8677 /* SearchHistoryTableViewService.swift in Sources */,
				556EC73824E6A1190017D3AC /* SearchResultItemCell.swift in Sources */,
				55C46B1524D83E6D002B8677 /* SearchHistoryViewFactory.swift in Sources */,
				55C46B1324D83BFC002B8677 /* SearchHistoryBehaviorService.swift in Sources */,
				553BE0C324F7CAC400D9593B /* FiltersTableViewService.swift in Sources */,
				55EF8C5224BDC16300E822E8 /* PlaceListCell.swift in Sources */,
				551A105D24F6564B004DEFA9 /* FiltersBehaviorService.swift in Sources */,
				55E193E924B6F82500BF8313 /* YaMapService.swift in Sources */,
				55C899F024B614B30048FF59 /* ViewModelType.swift in Sources */,
			);
			runOnlyForDeploymentPostprocessing = 0;
		};
/* End PBXSourcesBuildPhase section */

/* Begin PBXVariantGroup section */
		551CEA5F24B1C8C400465B69 /* LaunchScreen.storyboard */ = {
			isa = PBXVariantGroup;
			children = (
				551CEA6024B1C8C400465B69 /* Base */,
				55272D7524C4DD7400727E30 /* ru */,
			);
			name = LaunchScreen.storyboard;
			sourceTree = "<group>";
		};
/* End PBXVariantGroup section */

/* Begin XCBuildConfiguration section */
		551CEA6324B1C8C400465B69 /* Debug */ = {
			isa = XCBuildConfiguration;
			buildSettings = {
				ALWAYS_SEARCH_USER_PATHS = NO;
				CLANG_ANALYZER_LOCALIZABILITY_NONLOCALIZED = YES;
				CLANG_ANALYZER_NONNULL = YES;
				CLANG_ANALYZER_NUMBER_OBJECT_CONVERSION = YES_AGGRESSIVE;
				CLANG_CXX_LANGUAGE_STANDARD = "gnu++14";
				CLANG_CXX_LIBRARY = "libc++";
				CLANG_ENABLE_MODULES = YES;
				CLANG_ENABLE_OBJC_ARC = YES;
				CLANG_ENABLE_OBJC_WEAK = YES;
				CLANG_WARN_BLOCK_CAPTURE_AUTORELEASING = YES;
				CLANG_WARN_BOOL_CONVERSION = YES;
				CLANG_WARN_COMMA = YES;
				CLANG_WARN_CONSTANT_CONVERSION = YES;
				CLANG_WARN_DEPRECATED_OBJC_IMPLEMENTATIONS = YES;
				CLANG_WARN_DIRECT_OBJC_ISA_USAGE = YES_ERROR;
				CLANG_WARN_DOCUMENTATION_COMMENTS = YES;
				CLANG_WARN_EMPTY_BODY = YES;
				CLANG_WARN_ENUM_CONVERSION = YES;
				CLANG_WARN_INFINITE_RECURSION = YES;
				CLANG_WARN_INT_CONVERSION = YES;
				CLANG_WARN_NON_LITERAL_NULL_CONVERSION = YES;
				CLANG_WARN_OBJC_IMPLICIT_RETAIN_SELF = YES;
				CLANG_WARN_OBJC_LITERAL_CONVERSION = YES;
				CLANG_WARN_OBJC_ROOT_CLASS = YES_ERROR;
				CLANG_WARN_RANGE_LOOP_ANALYSIS = YES;
				CLANG_WARN_STRICT_PROTOTYPES = YES;
				CLANG_WARN_SUSPICIOUS_MOVE = YES;
				CLANG_WARN_UNGUARDED_AVAILABILITY = YES_AGGRESSIVE;
				CLANG_WARN_UNREACHABLE_CODE = YES;
				CLANG_WARN__DUPLICATE_METHOD_MATCH = YES;
				COPY_PHASE_STRIP = NO;
				DEBUG_INFORMATION_FORMAT = dwarf;
				ENABLE_STRICT_OBJC_MSGSEND = YES;
				ENABLE_TESTABILITY = YES;
				GCC_C_LANGUAGE_STANDARD = gnu11;
				GCC_DYNAMIC_NO_PIC = NO;
				GCC_NO_COMMON_BLOCKS = YES;
				GCC_OPTIMIZATION_LEVEL = 0;
				GCC_PREPROCESSOR_DEFINITIONS = (
					"DEBUG=1",
					"$(inherited)",
				);
				GCC_WARN_64_TO_32_BIT_CONVERSION = YES;
				GCC_WARN_ABOUT_RETURN_TYPE = YES_ERROR;
				GCC_WARN_UNDECLARED_SELECTOR = YES;
				GCC_WARN_UNINITIALIZED_AUTOS = YES_AGGRESSIVE;
				GCC_WARN_UNUSED_FUNCTION = YES;
				GCC_WARN_UNUSED_VARIABLE = YES;
				IPHONEOS_DEPLOYMENT_TARGET = 13.5;
				MTL_ENABLE_DEBUG_INFO = INCLUDE_SOURCE;
				MTL_FAST_MATH = YES;
				ONLY_ACTIVE_ARCH = YES;
				SDKROOT = iphoneos;
				SWIFT_ACTIVE_COMPILATION_CONDITIONS = DEBUG;
				SWIFT_OPTIMIZATION_LEVEL = "-Onone";
			};
			name = Debug;
		};
		551CEA6424B1C8C400465B69 /* Release */ = {
			isa = XCBuildConfiguration;
			buildSettings = {
				ALWAYS_SEARCH_USER_PATHS = NO;
				CLANG_ANALYZER_LOCALIZABILITY_NONLOCALIZED = YES;
				CLANG_ANALYZER_NONNULL = YES;
				CLANG_ANALYZER_NUMBER_OBJECT_CONVERSION = YES_AGGRESSIVE;
				CLANG_CXX_LANGUAGE_STANDARD = "gnu++14";
				CLANG_CXX_LIBRARY = "libc++";
				CLANG_ENABLE_MODULES = YES;
				CLANG_ENABLE_OBJC_ARC = YES;
				CLANG_ENABLE_OBJC_WEAK = YES;
				CLANG_WARN_BLOCK_CAPTURE_AUTORELEASING = YES;
				CLANG_WARN_BOOL_CONVERSION = YES;
				CLANG_WARN_COMMA = YES;
				CLANG_WARN_CONSTANT_CONVERSION = YES;
				CLANG_WARN_DEPRECATED_OBJC_IMPLEMENTATIONS = YES;
				CLANG_WARN_DIRECT_OBJC_ISA_USAGE = YES_ERROR;
				CLANG_WARN_DOCUMENTATION_COMMENTS = YES;
				CLANG_WARN_EMPTY_BODY = YES;
				CLANG_WARN_ENUM_CONVERSION = YES;
				CLANG_WARN_INFINITE_RECURSION = YES;
				CLANG_WARN_INT_CONVERSION = YES;
				CLANG_WARN_NON_LITERAL_NULL_CONVERSION = YES;
				CLANG_WARN_OBJC_IMPLICIT_RETAIN_SELF = YES;
				CLANG_WARN_OBJC_LITERAL_CONVERSION = YES;
				CLANG_WARN_OBJC_ROOT_CLASS = YES_ERROR;
				CLANG_WARN_RANGE_LOOP_ANALYSIS = YES;
				CLANG_WARN_STRICT_PROTOTYPES = YES;
				CLANG_WARN_SUSPICIOUS_MOVE = YES;
				CLANG_WARN_UNGUARDED_AVAILABILITY = YES_AGGRESSIVE;
				CLANG_WARN_UNREACHABLE_CODE = YES;
				CLANG_WARN__DUPLICATE_METHOD_MATCH = YES;
				COPY_PHASE_STRIP = NO;
				DEBUG_INFORMATION_FORMAT = "dwarf-with-dsym";
				ENABLE_NS_ASSERTIONS = NO;
				ENABLE_STRICT_OBJC_MSGSEND = YES;
				GCC_C_LANGUAGE_STANDARD = gnu11;
				GCC_NO_COMMON_BLOCKS = YES;
				GCC_WARN_64_TO_32_BIT_CONVERSION = YES;
				GCC_WARN_ABOUT_RETURN_TYPE = YES_ERROR;
				GCC_WARN_UNDECLARED_SELECTOR = YES;
				GCC_WARN_UNINITIALIZED_AUTOS = YES_AGGRESSIVE;
				GCC_WARN_UNUSED_FUNCTION = YES;
				GCC_WARN_UNUSED_VARIABLE = YES;
				IPHONEOS_DEPLOYMENT_TARGET = 13.5;
				MTL_ENABLE_DEBUG_INFO = NO;
				MTL_FAST_MATH = YES;
				SDKROOT = iphoneos;
				SWIFT_COMPILATION_MODE = wholemodule;
				SWIFT_OPTIMIZATION_LEVEL = "-O";
				VALIDATE_PRODUCT = YES;
			};
			name = Release;
		};
		551CEA6624B1C8C400465B69 /* Debug */ = {
			isa = XCBuildConfiguration;
			baseConfigurationReference = 6575D05773BC03660780F254 /* Pods-TheSpaces.debug.xcconfig */;
			buildSettings = {
				ASSETCATALOG_COMPILER_APPICON_NAME = AppIcon;
				CODE_SIGN_IDENTITY = "Apple Development";
				CODE_SIGN_STYLE = Manual;
				CURRENT_PROJECT_VERSION = 2;
				DEVELOPMENT_TEAM = 9SXF3SW9RV;
				INFOPLIST_FILE = "$(SRCROOT)/TheSpaces/Application/Info.plist";
				IPHONEOS_DEPLOYMENT_TARGET = 10.0;
				LD_RUNPATH_SEARCH_PATHS = (
					"$(inherited)",
					"@executable_path/Frameworks",
				);
				PRODUCT_BUNDLE_IDENTIFIER = ru.thespace.ios;
				PRODUCT_NAME = "$(TARGET_NAME)";
				PROVISIONING_PROFILE_SPECIFIER = "Denis SH";
				SWIFT_VERSION = 5.0;
				TARGETED_DEVICE_FAMILY = 1;
			};
			name = Debug;
		};
		551CEA6724B1C8C400465B69 /* Release */ = {
			isa = XCBuildConfiguration;
			baseConfigurationReference = 3405A610496B9FA96D6D663A /* Pods-TheSpaces.release.xcconfig */;
			buildSettings = {
				ASSETCATALOG_COMPILER_APPICON_NAME = AppIcon;
				CODE_SIGN_IDENTITY = "Apple Distribution";
				CODE_SIGN_STYLE = Manual;
				CURRENT_PROJECT_VERSION = 2;
				DEVELOPMENT_TEAM = 9SXF3SW9RV;
				INFOPLIST_FILE = "$(SRCROOT)/TheSpaces/Application/Info.plist";
				IPHONEOS_DEPLOYMENT_TARGET = 10.0;
				LD_RUNPATH_SEARCH_PATHS = (
					"$(inherited)",
					"@executable_path/Frameworks",
				);
				PRODUCT_BUNDLE_IDENTIFIER = ru.thespace.ios;
				PRODUCT_NAME = "$(TARGET_NAME)";
				PROVISIONING_PROFILE_SPECIFIER = "Denis SH distribution";
				SWIFT_VERSION = 5.0;
				TARGETED_DEVICE_FAMILY = 1;
			};
			name = Release;
		};
/* End XCBuildConfiguration section */

/* Begin XCConfigurationList section */
		551CEA4C24B1C8C300465B69 /* Build configuration list for PBXProject "TheSpaces" */ = {
			isa = XCConfigurationList;
			buildConfigurations = (
				551CEA6324B1C8C400465B69 /* Debug */,
				551CEA6424B1C8C400465B69 /* Release */,
			);
			defaultConfigurationIsVisible = 0;
			defaultConfigurationName = Release;
		};
		551CEA6524B1C8C400465B69 /* Build configuration list for PBXNativeTarget "TheSpaces" */ = {
			isa = XCConfigurationList;
			buildConfigurations = (
				551CEA6624B1C8C400465B69 /* Debug */,
				551CEA6724B1C8C400465B69 /* Release */,
			);
			defaultConfigurationIsVisible = 0;
			defaultConfigurationName = Release;
		};
/* End XCConfigurationList section */

/* Begin XCVersionGroup section */
		5572CBEE24E146F700D0175C /* TheSpaces.xcdatamodeld */ = {
			isa = XCVersionGroup;
			children = (
				5572CBEF24E146F700D0175C /* TheSpaces.xcdatamodel */,
			);
			currentVersion = 5572CBEF24E146F700D0175C /* TheSpaces.xcdatamodel */;
			path = TheSpaces.xcdatamodeld;
			sourceTree = "<group>";
			versionGroupType = wrapper.xcdatamodel;
		};
/* End XCVersionGroup section */
	};
	rootObject = 551CEA4924B1C8C300465B69 /* Project object */;
}
